<?xml version="1.0" encoding="utf-8"?>
<Project ToolsVersion="4.0" xmlns="http://schemas.microsoft.com/developer/msbuild/2003">
  <ItemGroup>
    <ClCompile Include="..\source\Clause.cpp" />
    <ClCompile Include="..\source\DesignExtractor.cpp" />
    <ClCompile Include="..\source\Parser.cpp" />
    <ClCompile Include="..\source\PKB.cpp" />
    <ClCompile Include="..\source\QueryEvaluator.cpp" />
    <ClCompile Include="..\source\QueryResult.cpp" />
    <ClCompile Include="..\source\QueryTable.cpp" />
    <ClCompile Include="..\source\SharedUtility.cpp" />
    <ClCompile Include="..\source\TNode.cpp" />
    <ClCompile Include="..\source\Tokenizer.cpp" />
    <ClCompile Include="..\source\FollowsTable.cpp" />
    <ClCompile Include="..\source\ModUsesTablebyStmt.cpp" />
    <ClCompile Include="..\source\ModUsesTablebyVariable.cpp" />
    <ClCompile Include="..\source\ParentTable.cpp" />
  </ItemGroup>
  <ItemGroup>
    <ClCompile Include="..\source\PKB.cpp">
      <Filter>Source Files</Filter>
    </ClCompile>
    <ClCompile Include="..\source\TNode.cpp">
      <Filter>Source Files</Filter>
    </ClCompile>
    <ClCompile Include="..\source\QueryEvaluator.cpp">
      <Filter>Source Files</Filter>
    </ClCompile>
    <ClCompile Include="..\source\Clause.cpp">
      <Filter>Source Files</Filter>
    </ClCompile>
    <ClCompile Include="..\source\SharedUtility.cpp">
      <Filter>Source Files</Filter>
    </ClCompile>
    <ClCompile Include="..\source\QueryTable.cpp">
      <Filter>Source Files</Filter>
    </ClCompile>
    <ClCompile Include="..\source\QueryResult.cpp">
      <Filter>Source Files</Filter>
    </ClCompile>
    <ClCompile Include="..\source\DesignExtractor.cpp">
      <Filter>Source Files</Filter>
    </ClCompile>
    <ClCompile Include="..\source\Parser.cpp">
      <Filter>Source Files</Filter>
    </ClCompile>
  </ItemGroup>
  <ItemGroup>
    <ClInclude Include="..\source\Clause.h" />
    <ClInclude Include="..\source\FollowsTable.h" />
    <ClInclude Include="..\source\ModUsesTablebyStmt.h" />
    <ClInclude Include="..\source\ModUsesTablebyVariable.h" />
    <ClInclude Include="..\source\ParentTable.h" />
    <ClInclude Include="..\source\PKB.h" />
    <ClInclude Include="..\source\QueryEvaluator.h" />
    <ClInclude Include="..\source\QueryResult.h" />
    <ClInclude Include="..\source\QueryTable.h" />
    <ClInclude Include="..\source\SharedUtility.h" />
    <ClInclude Include="..\source\TNode.h" />
    <ClInclude Include="..\source\Tokenizer.h" />
    <ClInclude Include="..\source\Parser.h" />
  </ItemGroup>
</Project>